
Microsoft Visual Studio Solution File, Format Version 12.00
# Visual Studio Version 17
VisualStudioVersion = 17.2.32616.157
MinimumVisualStudioVersion = 10.0.40219.1
Project("{FAE04EC0-301F-11D3-BF4B-00C04F79EFBC}") = "AppiConcurrencia", "AppiConcurrencia\AppiConcurrencia.csproj", "{77A5C6D4-A2FB-46F4-8D52-5CE518014DFF}"
EndProject
Global
	GlobalSection(SolutionConfigurationPlatforms) = preSolution
		Debug|Any CPU = Debug|Any CPU
		Release|Any CPU = Release|Any CPU
	EndGlobalSection
	GlobalSection(ProjectConfigurationPlatforms) = postSolution
		{77A5C6D4-A2FB-46F4-8D52-5CE518014DFF}.Debug|Any CPU.ActiveCfg = Debug|Any CPU
		{77A5C6D4-A2FB-46F4-8D52-5CE518014DFF}.Debug|Any CPU.Build.0 = Debug|Any CPU
		{77A5C6D4-A2FB-46F4-8D52-5CE518014DFF}.Release|Any CPU.ActiveCfg = Release|Any CPU
		{77A5C6D4-A2FB-46F4-8D52-5CE518014DFF}.Release|Any CPU.Build.0 = Release|Any CPU
	EndGlobalSection
	GlobalSection(SolutionProperties) = preSolution
		HideSolutionNode = FALSE
	EndGlobalSection
	GlobalSection(ExtensibilityGlobals) = postSolution
		SolutionGuid = {E4AB8CE6-5AA9-414C-A31F-7EC1008F9C6D}
	EndGlobalSection
EndGlobal
